
Microsoft Visual Studio Solution File, Format Version 12.00
# Visual Studio Version 17
VisualStudioVersion = 17.11.35303.130
MinimumVisualStudioVersion = 10.0.40219.1
Project("{FAE04EC0-301F-11D3-BF4B-00C04F79EFBC}") = "gitapp", "gitapp\gitapp.csproj", "{36F8DBBC-3F49-4A25-8F3D-28B380416B69}"
EndProject
Global
	GlobalSection(SolutionConfigurationPlatforms) = preSolution
		Debug|Any CPU = Debug|Any CPU
		Release|Any CPU = Release|Any CPU
	EndGlobalSection
	GlobalSection(ProjectConfigurationPlatforms) = postSolution
		{36F8DBBC-3F49-4A25-8F3D-28B380416B69}.Debug|Any CPU.ActiveCfg = Debug|Any CPU
		{36F8DBBC-3F49-4A25-8F3D-28B380416B69}.Debug|Any CPU.Build.0 = Debug|Any CPU
		{36F8DBBC-3F49-4A25-8F3D-28B380416B69}.Release|Any CPU.ActiveCfg = Release|Any CPU
		{36F8DBBC-3F49-4A25-8F3D-28B380416B69}.Release|Any CPU.Build.0 = Release|Any CPU
	EndGlobalSection
	GlobalSection(SolutionProperties) = preSolution
		HideSolutionNode = FALSE
	EndGlobalSection
	GlobalSection(ExtensibilityGlobals) = postSolution
		SolutionGuid = {B69799AD-0F89-49D1-A80C-EB2363F13CF3}
	EndGlobalSection
EndGlobal
